
Microsoft Visual Studio Solution File, Format Version 12.00
# Visual Studio Version 17
VisualStudioVersion = 17.10.35027.167
MinimumVisualStudioVersion = 10.0.40219.1
Project("{9A19103F-16F7-4668-BE54-9A1E7A4F7556}") = "클래스_상속_기초실습", "클래스_상속_기초실습.csproj", "{9CD942FF-4608-41FD-A79D-F9C634512826}"
EndProject
Project("{FAE04EC0-301F-11D3-BF4B-00C04F79EFBC}") = "클래스_추상_기초실습_1", "..\클래스_추상_기초실습_1\클래스_추상_기초실습_1.csproj", "{E03CB202-6791-4F37-B5C0-17768000DA23}"
EndProject
Global
	GlobalSection(SolutionConfigurationPlatforms) = preSolution
		Debug|Any CPU = Debug|Any CPU
		Release|Any CPU = Release|Any CPU
	EndGlobalSection
	GlobalSection(ProjectConfigurationPlatforms) = postSolution
		{9CD942FF-4608-41FD-A79D-F9C634512826}.Debug|Any CPU.ActiveCfg = Debug|Any CPU
		{9CD942FF-4608-41FD-A79D-F9C634512826}.Debug|Any CPU.Build.0 = Debug|Any CPU
		{9CD942FF-4608-41FD-A79D-F9C634512826}.Release|Any CPU.ActiveCfg = Release|Any CPU
		{9CD942FF-4608-41FD-A79D-F9C634512826}.Release|Any CPU.Build.0 = Release|Any CPU
		{E03CB202-6791-4F37-B5C0-17768000DA23}.Debug|Any CPU.ActiveCfg = Debug|Any CPU
		{E03CB202-6791-4F37-B5C0-17768000DA23}.Debug|Any CPU.Build.0 = Debug|Any CPU
		{E03CB202-6791-4F37-B5C0-17768000DA23}.Release|Any CPU.ActiveCfg = Release|Any CPU
		{E03CB202-6791-4F37-B5C0-17768000DA23}.Release|Any CPU.Build.0 = Release|Any CPU
	EndGlobalSection
	GlobalSection(SolutionProperties) = preSolution
		HideSolutionNode = FALSE
	EndGlobalSection
	GlobalSection(ExtensibilityGlobals) = postSolution
		SolutionGuid = {0835F68A-FD48-4D61-B629-0D79D9FB9063}
	EndGlobalSection
EndGlobal
